// !$*UTF8*$!
{
	archiveVersion = 1;
	classes = {
	};
	objectVersion = 50;
	objects = {

/* Begin PBXBuildFile section */
		BA5B3375235748B4005882AC /* AppDelegate.swift in Sources */ = {isa = PBXBuildFile; fileRef = BA5B3374235748B4005882AC /* AppDelegate.swift */; };
		BA5B3377235748B4005882AC /* SceneDelegate.swift in Sources */ = {isa = PBXBuildFile; fileRef = BA5B3376235748B4005882AC /* SceneDelegate.swift */; };
		BA5B337C235748B4005882AC /* Main.storyboard in Resources */ = {isa = PBXBuildFile; fileRef = BA5B337A235748B4005882AC /* Main.storyboard */; };
		BA5B337E235748B5005882AC /* Assets.xcassets in Resources */ = {isa = PBXBuildFile; fileRef = BA5B337D235748B5005882AC /* Assets.xcassets */; };
		BA5B3381235748B5005882AC /* LaunchScreen.storyboard in Resources */ = {isa = PBXBuildFile; fileRef = BA5B337F235748B5005882AC /* LaunchScreen.storyboard */; };
		BA5B338923574A70005882AC /* MenuViewController.swift in Sources */ = {isa = PBXBuildFile; fileRef = BA5B338823574A70005882AC /* MenuViewController.swift */; };
		BA5B338C23574A9B005882AC /* InstructionsViewController.swift in Sources */ = {isa = PBXBuildFile; fileRef = BA5B338B23574A9B005882AC /* InstructionsViewController.swift */; };
		BA5B338E23574AC3005882AC /* PillListTableViewController.swift in Sources */ = {isa = PBXBuildFile; fileRef = BA5B338D23574AC3005882AC /* PillListTableViewController.swift */; };
		BA5B339023574AE6005882AC /* AddEditViewController.swift in Sources */ = {isa = PBXBuildFile; fileRef = BA5B338F23574AE6005882AC /* AddEditViewController.swift */; };
		BA5B339223574B03005882AC /* PrintViewController.swift in Sources */ = {isa = PBXBuildFile; fileRef = BA5B339123574B03005882AC /* PrintViewController.swift */; };
		BA5B339423574B23005882AC /* PillsTableViewCell.swift in Sources */ = {isa = PBXBuildFile; fileRef = BA5B339323574B23005882AC /* PillsTableViewCell.swift */; };
		BA5B339623574B63005882AC /* Pill.swift in Sources */ = {isa = PBXBuildFile; fileRef = BA5B339523574B63005882AC /* Pill.swift */; };
		BA5B339823574BC3005882AC /* Pill Model.swift in Sources */ = {isa = PBXBuildFile; fileRef = BA5B339723574BC3005882AC /* Pill Model.swift */; };
		BA5B339D23580FC1005882AC /* FrequencyPickerView.swift in Sources */ = {isa = PBXBuildFile; fileRef = BA5B339C23580FC1005882AC /* FrequencyPickerView.swift */; };
/* End PBXBuildFile section */

/* Begin PBXFileReference section */
		BA5B3371235748B4005882AC /* Pill Pal.app */ = {isa = PBXFileReference; explicitFileType = wrapper.application; includeInIndex = 0; path = "Pill Pal.app"; sourceTree = BUILT_PRODUCTS_DIR; };
		BA5B3374235748B4005882AC /* AppDelegate.swift */ = {isa = PBXFileReference; lastKnownFileType = sourcecode.swift; path = AppDelegate.swift; sourceTree = "<group>"; };
		BA5B3376235748B4005882AC /* SceneDelegate.swift */ = {isa = PBXFileReference; lastKnownFileType = sourcecode.swift; path = SceneDelegate.swift; sourceTree = "<group>"; };
		BA5B337B235748B4005882AC /* Base */ = {isa = PBXFileReference; lastKnownFileType = file.storyboard; name = Base; path = Base.lproj/Main.storyboard; sourceTree = "<group>"; };
		BA5B337D235748B5005882AC /* Assets.xcassets */ = {isa = PBXFileReference; lastKnownFileType = folder.assetcatalog; path = Assets.xcassets; sourceTree = "<group>"; };
		BA5B3380235748B5005882AC /* Base */ = {isa = PBXFileReference; lastKnownFileType = file.storyboard; name = Base; path = Base.lproj/LaunchScreen.storyboard; sourceTree = "<group>"; };
		BA5B3382235748B5005882AC /* Info.plist */ = {isa = PBXFileReference; lastKnownFileType = text.plist.xml; path = Info.plist; sourceTree = "<group>"; };
		BA5B338823574A70005882AC /* MenuViewController.swift */ = {isa = PBXFileReference; lastKnownFileType = sourcecode.swift; path = MenuViewController.swift; sourceTree = "<group>"; };
		BA5B338B23574A9B005882AC /* InstructionsViewController.swift */ = {isa = PBXFileReference; lastKnownFileType = sourcecode.swift; path = InstructionsViewController.swift; sourceTree = "<group>"; };
		BA5B338D23574AC3005882AC /* PillListTableViewController.swift */ = {isa = PBXFileReference; lastKnownFileType = sourcecode.swift; path = PillListTableViewController.swift; sourceTree = "<group>"; };
		BA5B338F23574AE6005882AC /* AddEditViewController.swift */ = {isa = PBXFileReference; lastKnownFileType = sourcecode.swift; path = AddEditViewController.swift; sourceTree = "<group>"; };
		BA5B339123574B03005882AC /* PrintViewController.swift */ = {isa = PBXFileReference; lastKnownFileType = sourcecode.swift; path = PrintViewController.swift; sourceTree = "<group>"; };
		BA5B339323574B23005882AC /* PillsTableViewCell.swift */ = {isa = PBXFileReference; lastKnownFileType = sourcecode.swift; path = PillsTableViewCell.swift; sourceTree = "<group>"; };
		BA5B339523574B63005882AC /* Pill.swift */ = {isa = PBXFileReference; lastKnownFileType = sourcecode.swift; path = Pill.swift; sourceTree = "<group>"; };
		BA5B339723574BC3005882AC /* Pill Model.swift */ = {isa = PBXFileReference; lastKnownFileType = sourcecode.swift; path = "Pill Model.swift"; sourceTree = "<group>"; };
		BA5B339C23580FC1005882AC /* FrequencyPickerView.swift */ = {isa = PBXFileReference; lastKnownFileType = sourcecode.swift; path = FrequencyPickerView.swift; sourceTree = "<group>"; };
/* End PBXFileReference section */

/* Begin PBXFrameworksBuildPhase section */
		BA5B336E235748B4005882AC /* Frameworks */ = {
			isa = PBXFrameworksBuildPhase;
			buildActionMask = 2147483647;
			files = (
			);
			runOnlyForDeploymentPostprocessing = 0;
		};
/* End PBXFrameworksBuildPhase section */

/* Begin PBXGroup section */
		BA5B3368235748B4005882AC = {
			isa = PBXGroup;
			children = (
				BA5B3373235748B4005882AC /* Pill Pal */,
				BA5B3372235748B4005882AC /* Products */,
			);
			sourceTree = "<group>";
		};
		BA5B3372235748B4005882AC /* Products */ = {
			isa = PBXGroup;
			children = (
				BA5B3371235748B4005882AC /* Pill Pal.app */,
			);
			name = Products;
			sourceTree = "<group>";
		};
		BA5B3373235748B4005882AC /* Pill Pal */ = {
			isa = PBXGroup;
			children = (
				BA5B337A235748B4005882AC /* Main.storyboard */,
				BA5B338A23574A78005882AC /* View Controllers */,
				BA5B339B23574C34005882AC /* Details */,
				BA5B339923574BD4005882AC /* Delegates */,
				BA5B339A23574BE2005882AC /* Resources */,
			);
			path = "Pill Pal";
			sourceTree = "<group>";
		};
		BA5B338A23574A78005882AC /* View Controllers */ = {
			isa = PBXGroup;
			children = (
				BA5B338823574A70005882AC /* MenuViewController.swift */,
				BA5B338B23574A9B005882AC /* InstructionsViewController.swift */,
				BA5B338D23574AC3005882AC /* PillListTableViewController.swift */,
				BA5B338F23574AE6005882AC /* AddEditViewController.swift */,
				BA5B339123574B03005882AC /* PrintViewController.swift */,
			);
			name = "View Controllers";
			sourceTree = "<group>";
		};
		BA5B339923574BD4005882AC /* Delegates */ = {
			isa = PBXGroup;
			children = (
				BA5B3374235748B4005882AC /* AppDelegate.swift */,
				BA5B3376235748B4005882AC /* SceneDelegate.swift */,
			);
			name = Delegates;
			sourceTree = "<group>";
		};
		BA5B339A23574BE2005882AC /* Resources */ = {
			isa = PBXGroup;
			children = (
				BA5B337D235748B5005882AC /* Assets.xcassets */,
				BA5B337F235748B5005882AC /* LaunchScreen.storyboard */,
				BA5B3382235748B5005882AC /* Info.plist */,
			);
			name = Resources;
			sourceTree = "<group>";
		};
		BA5B339B23574C34005882AC /* Details */ = {
			isa = PBXGroup;
			children = (
				BA5B339523574B63005882AC /* Pill.swift */,
				BA5B339723574BC3005882AC /* Pill Model.swift */,
				BA5B339323574B23005882AC /* PillsTableViewCell.swift */,
				BA5B339C23580FC1005882AC /* FrequencyPickerView.swift */,
			);
			name = Details;
			sourceTree = "<group>";
		};
/* End PBXGroup section */

/* Begin PBXNativeTarget section */
		BA5B3370235748B4005882AC /* Pill Pal */ = {
			isa = PBXNativeTarget;
			buildConfigurationList = BA5B3385235748B5005882AC /* Build configuration list for PBXNativeTarget "Pill Pal" */;
			buildPhases = (
				BA5B336D235748B4005882AC /* Sources */,
				BA5B336E235748B4005882AC /* Frameworks */,
				BA5B336F235748B4005882AC /* Resources */,
			);
			buildRules = (
			);
			dependencies = (
			);
			name = "Pill Pal";
			productName = "Pill Pal";
			productReference = BA5B3371235748B4005882AC /* Pill Pal.app */;
			productType = "com.apple.product-type.application";
		};
/* End PBXNativeTarget section */

/* Begin PBXProject section */
		BA5B3369235748B4005882AC /* Project object */ = {
			isa = PBXProject;
			attributes = {
				LastSwiftUpdateCheck = 1110;
				LastUpgradeCheck = 1110;
				ORGANIZATIONNAME = "Knight Night";
				TargetAttributes = {
					BA5B3370235748B4005882AC = {
						CreatedOnToolsVersion = 11.1;
					};
				};
			};
			buildConfigurationList = BA5B336C235748B4005882AC /* Build configuration list for PBXProject "Pill Pal" */;
			compatibilityVersion = "Xcode 9.3";
			developmentRegion = en;
			hasScannedForEncodings = 0;
			knownRegions = (
				en,
				Base,
			);
			mainGroup = BA5B3368235748B4005882AC;
			productRefGroup = BA5B3372235748B4005882AC /* Products */;
			projectDirPath = "";
			projectRoot = "";
			targets = (
				BA5B3370235748B4005882AC /* Pill Pal */,
			);
		};
/* End PBXProject section */

/* Begin PBXResourcesBuildPhase section */
		BA5B336F235748B4005882AC /* Resources */ = {
			isa = PBXResourcesBuildPhase;
			buildActionMask = 2147483647;
			files = (
				BA5B3381235748B5005882AC /* LaunchScreen.storyboard in Resources */,
				BA5B337E235748B5005882AC /* Assets.xcassets in Resources */,
				BA5B337C235748B4005882AC /* Main.storyboard in Resources */,
			);
			runOnlyForDeploymentPostprocessing = 0;
		};
/* End PBXResourcesBuildPhase section */

/* Begin PBXSourcesBuildPhase section */
		BA5B336D235748B4005882AC /* Sources */ = {
			isa = PBXSourcesBuildPhase;
			buildActionMask = 2147483647;
			files = (
				BA5B339223574B03005882AC /* PrintViewController.swift in Sources */,
				BA5B338E23574AC3005882AC /* PillListTableViewController.swift in Sources */,
				BA5B339023574AE6005882AC /* AddEditViewController.swift in Sources */,
				BA5B339823574BC3005882AC /* Pill Model.swift in Sources */,
				BA5B339423574B23005882AC /* PillsTableViewCell.swift in Sources */,
				BA5B339D23580FC1005882AC /* FrequencyPickerView.swift in Sources */,
				BA5B3375235748B4005882AC /* AppDelegate.swift in Sources */,
				BA5B3377235748B4005882AC /* SceneDelegate.swift in Sources */,
				BA5B339623574B63005882AC /* Pill.swift in Sources */,
				BA5B338923574A70005882AC /* MenuViewController.swift in Sources */,
				BA5B338C23574A9B005882AC /* InstructionsViewController.swift in Sources */,
			);
			runOnlyForDeploymentPostprocessing = 0;
		};
/* End PBXSourcesBuildPhase section */

/* Begin PBXVariantGroup section */
		BA5B337A235748B4005882AC /* Main.storyboard */ = {
			isa = PBXVariantGroup;
			children = (
				BA5B337B235748B4005882AC /* Base */,
			);
			name = Main.storyboard;
			sourceTree = "<group>";
		};
		BA5B337F235748B5005882AC /* LaunchScreen.storyboard */ = {
			isa = PBXVariantGroup;
			children = (
				BA5B3380235748B5005882AC /* Base */,
			);
			name = LaunchScreen.storyboard;
			sourceTree = "<group>";
		};
/* End PBXVariantGroup section */

/* Begin XCBuildConfiguration section */
		BA5B3383235748B5005882AC /* Debug */ = {
			isa = XCBuildConfiguration;
			buildSettings = {
				ALWAYS_SEARCH_USER_PATHS = NO;
				CLANG_ANALYZER_NONNULL = YES;
				CLANG_ANALYZER_NUMBER_OBJECT_CONVERSION = YES_AGGRESSIVE;
				CLANG_CXX_LANGUAGE_STANDARD = "gnu++14";
				CLANG_CXX_LIBRARY = "libc++";
				CLANG_ENABLE_MODULES = YES;
				CLANG_ENABLE_OBJC_ARC = YES;
				CLANG_ENABLE_OBJC_WEAK = YES;
				CLANG_WARN_BLOCK_CAPTURE_AUTORELEASING = YES;
				CLANG_WARN_BOOL_CONVERSION = YES;
				CLANG_WARN_COMMA = YES;
				CLANG_WARN_CONSTANT_CONVERSION = YES;
				CLANG_WARN_DEPRECATED_OBJC_IMPLEMENTATIONS = YES;
				CLANG_WARN_DIRECT_OBJC_ISA_USAGE = YES_ERROR;
				CLANG_WARN_DOCUMENTATION_COMMENTS = YES;
				CLANG_WARN_EMPTY_BODY = YES;
				CLANG_WARN_ENUM_CONVERSION = YES;
				CLANG_WARN_INFINITE_RECURSION = YES;
				CLANG_WARN_INT_CONVERSION = YES;
				CLANG_WARN_NON_LITERAL_NULL_CONVERSION = YES;
				CLANG_WARN_OBJC_IMPLICIT_RETAIN_SELF = YES;
				CLANG_WARN_OBJC_LITERAL_CONVERSION = YES;
				CLANG_WARN_OBJC_ROOT_CLASS = YES_ERROR;
				CLANG_WARN_RANGE_LOOP_ANALYSIS = YES;
				CLANG_WARN_STRICT_PROTOTYPES = YES;
				CLANG_WARN_SUSPICIOUS_MOVE = YES;
				CLANG_WARN_UNGUARDED_AVAILABILITY = YES_AGGRESSIVE;
				CLANG_WARN_UNREACHABLE_CODE = YES;
				CLANG_WARN__DUPLICATE_METHOD_MATCH = YES;
				COPY_PHASE_STRIP = NO;
				DEBUG_INFORMATION_FORMAT = dwarf;
				ENABLE_STRICT_OBJC_MSGSEND = YES;
				ENABLE_TESTABILITY = YES;
				GCC_C_LANGUAGE_STANDARD = gnu11;
				GCC_DYNAMIC_NO_PIC = NO;
				GCC_NO_COMMON_BLOCKS = YES;
				GCC_OPTIMIZATION_LEVEL = 0;
				GCC_PREPROCESSOR_DEFINITIONS = (
					"DEBUG=1",
					"$(inherited)",
				);
				GCC_WARN_64_TO_32_BIT_CONVERSION = YES;
				GCC_WARN_ABOUT_RETURN_TYPE = YES_ERROR;
				GCC_WARN_UNDECLARED_SELECTOR = YES;
				GCC_WARN_UNINITIALIZED_AUTOS = YES_AGGRESSIVE;
				GCC_WARN_UNUSED_FUNCTION = YES;
				GCC_WARN_UNUSED_VARIABLE = YES;
				IPHONEOS_DEPLOYMENT_TARGET = 13.1;
				MTL_ENABLE_DEBUG_INFO = INCLUDE_SOURCE;
				MTL_FAST_MATH = YES;
				ONLY_ACTIVE_ARCH = YES;
				SDKROOT = iphoneos;
				SWIFT_ACTIVE_COMPILATION_CONDITIONS = DEBUG;
				SWIFT_OPTIMIZATION_LEVEL = "-Onone";
			};
			name = Debug;
		};
		BA5B3384235748B5005882AC /* Release */ = {
			isa = XCBuildConfiguration;
			buildSettings = {
				ALWAYS_SEARCH_USER_PATHS = NO;
				CLANG_ANALYZER_NONNULL = YES;
				CLANG_ANALYZER_NUMBER_OBJECT_CONVERSION = YES_AGGRESSIVE;
				CLANG_CXX_LANGUAGE_STANDARD = "gnu++14";
				CLANG_CXX_LIBRARY = "libc++";
				CLANG_ENABLE_MODULES = YES;
				CLANG_ENABLE_OBJC_ARC = YES;
				CLANG_ENABLE_OBJC_WEAK = YES;
				CLANG_WARN_BLOCK_CAPTURE_AUTORELEASING = YES;
				CLANG_WARN_BOOL_CONVERSION = YES;
				CLANG_WARN_COMMA = YES;
				CLANG_WARN_CONSTANT_CONVERSION = YES;
				CLANG_WARN_DEPRECATED_OBJC_IMPLEMENTATIONS = YES;
				CLANG_WARN_DIRECT_OBJC_ISA_USAGE = YES_ERROR;
				CLANG_WARN_DOCUMENTATION_COMMENTS = YES;
				CLANG_WARN_EMPTY_BODY = YES;
				CLANG_WARN_ENUM_CONVERSION = YES;
				CLANG_WARN_INFINITE_RECURSION = YES;
				CLANG_WARN_INT_CONVERSION = YES;
				CLANG_WARN_NON_LITERAL_NULL_CONVERSION = YES;
				CLANG_WARN_OBJC_IMPLICIT_RETAIN_SELF = YES;
				CLANG_WARN_OBJC_LITERAL_CONVERSION = YES;
				CLANG_WARN_OBJC_ROOT_CLASS = YES_ERROR;
				CLANG_WARN_RANGE_LOOP_ANALYSIS = YES;
				CLANG_WARN_STRICT_PROTOTYPES = YES;
				CLANG_WARN_SUSPICIOUS_MOVE = YES;
				CLANG_WARN_UNGUARDED_AVAILABILITY = YES_AGGRESSIVE;
				CLANG_WARN_UNREACHABLE_CODE = YES;
				CLANG_WARN__DUPLICATE_METHOD_MATCH = YES;
				COPY_PHASE_STRIP = NO;
				DEBUG_INFORMATION_FORMAT = "dwarf-with-dsym";
				ENABLE_NS_ASSERTIONS = NO;
				ENABLE_STRICT_OBJC_MSGSEND = YES;
				GCC_C_LANGUAGE_STANDARD = gnu11;
				GCC_NO_COMMON_BLOCKS = YES;
				GCC_WARN_64_TO_32_BIT_CONVERSION = YES;
				GCC_WARN_ABOUT_RETURN_TYPE = YES_ERROR;
				GCC_WARN_UNDECLARED_SELECTOR = YES;
				GCC_WARN_UNINITIALIZED_AUTOS = YES_AGGRESSIVE;
				GCC_WARN_UNUSED_FUNCTION = YES;
				GCC_WARN_UNUSED_VARIABLE = YES;
				IPHONEOS_DEPLOYMENT_TARGET = 13.1;
				MTL_ENABLE_DEBUG_INFO = NO;
				MTL_FAST_MATH = YES;
				SDKROOT = iphoneos;
				SWIFT_COMPILATION_MODE = wholemodule;
				SWIFT_OPTIMIZATION_LEVEL = "-O";
				VALIDATE_PRODUCT = YES;
			};
			name = Release;
		};
		BA5B3386235748B5005882AC /* Debug */ = {
			isa = XCBuildConfiguration;
			buildSettings = {
				ASSETCATALOG_COMPILER_APPICON_NAME = AppIcon;
				CODE_SIGN_STYLE = Automatic;
				INFOPLIST_FILE = "Pill Pal/Info.plist";
				LD_RUNPATH_SEARCH_PATHS = (
					"$(inherited)",
					"@executable_path/Frameworks",
				);
				PRODUCT_BUNDLE_IDENTIFIER = "com.CrystalKnight.Pill-Pal";
				PRODUCT_NAME = "$(TARGET_NAME)";
				SWIFT_VERSION = 5.0;
				TARGETED_DEVICE_FAMILY = "1,2";
			};
			name = Debug;
		};
		BA5B3387235748B5005882AC /* Release */ = {
			isa = XCBuildConfiguration;
			buildSettings = {
				ASSETCATALOG_COMPILER_APPICON_NAME = AppIcon;
				CODE_SIGN_STYLE = Automatic;
				INFOPLIST_FILE = "Pill Pal/Info.plist";
				LD_RUNPATH_SEARCH_PATHS = (
					"$(inherited)",
					"@executable_path/Frameworks",
				);
				PRODUCT_BUNDLE_IDENTIFIER = "com.CrystalKnight.Pill-Pal";
				PRODUCT_NAME = "$(TARGET_NAME)";
				SWIFT_VERSION = 5.0;
				TARGETED_DEVICE_FAMILY = "1,2";
			};
			name = Release;
		};
/* End XCBuildConfiguration section */

/* Begin XCConfigurationList section */
		BA5B336C235748B4005882AC /* Build configuration list for PBXProject "Pill Pal" */ = {
			isa = XCConfigurationList;
			buildConfigurations = (
				BA5B3383235748B5005882AC /* Debug */,
				BA5B3384235748B5005882AC /* Release */,
			);
			defaultConfigurationIsVisible = 0;
			defaultConfigurationName = Release;
		};
		BA5B3385235748B5005882AC /* Build configuration list for PBXNativeTarget "Pill Pal" */ = {
			isa = XCConfigurationList;
			buildConfigurations = (
				BA5B3386235748B5005882AC /* Debug */,
				BA5B3387235748B5005882AC /* Release */,
			);
			defaultConfigurationIsVisible = 0;
			defaultConfigurationName = Release;
		};
/* End XCConfigurationList section */
	};
	rootObject = BA5B3369235748B4005882AC /* Project object */;
}
